// !$*UTF8*$!
{
	archiveVersion = 1;
	classes = {
	};
	objectVersion = 46;
	objects = {

/* Begin PBXBuildFile section */
		2A0352011D1A3E2B002BE7B7 /* OCBaseTableViewController.m in Sources */ = {isa = PBXBuildFile; fileRef = 2A0351F81D1A3E2B002BE7B7 /* OCBaseTableViewController.m */; };
		2A0352021D1A3E2B002BE7B7 /* OCBaseViewController.m in Sources */ = {isa = PBXBuildFile; fileRef = 2A0351FA1D1A3E2B002BE7B7 /* OCBaseViewController.m */; };
		2A0352041D1A3E2B002BE7B7 /* OCRootTabbarController.m in Sources */ = {isa = PBXBuildFile; fileRef = 2A0351FE1D1A3E2B002BE7B7 /* OCRootTabbarController.m */; };
		2A0352051D1A3E2B002BE7B7 /* UIViewController+OpenCourse.m in Sources */ = {isa = PBXBuildFile; fileRef = 2A0352001D1A3E2B002BE7B7 /* UIViewController+OpenCourse.m */; };
		2A0352081D1A3FAE002BE7B7 /* EMHomeViewController.m in Sources */ = {isa = PBXBuildFile; fileRef = 2A0352071D1A3FAE002BE7B7 /* EMHomeViewController.m */; };
		2A03520B1D1A3FBA002BE7B7 /* EMMeViewController.m in Sources */ = {isa = PBXBuildFile; fileRef = 2A03520A1D1A3FBA002BE7B7 /* EMMeViewController.m */; };
		2A03520E1D1A3FC9002BE7B7 /* EMCartViewController.m in Sources */ = {isa = PBXBuildFile; fileRef = 2A03520D1D1A3FC9002BE7B7 /* EMCartViewController.m */; };
		2A0352111D1A3FDA002BE7B7 /* EMDiscoveryViewController.m in Sources */ = {isa = PBXBuildFile; fileRef = 2A0352101D1A3FDA002BE7B7 /* EMDiscoveryViewController.m */; };
		2A2426F51D12C4670078240C /* main.m in Sources */ = {isa = PBXBuildFile; fileRef = 2A2426F41D12C4670078240C /* main.m */; };
		2A2426F81D12C4670078240C /* AppDelegate.m in Sources */ = {isa = PBXBuildFile; fileRef = 2A2426F71D12C4670078240C /* AppDelegate.m */; };
		2A2426FE1D12C4670078240C /* Main.storyboard in Resources */ = {isa = PBXBuildFile; fileRef = 2A2426FC1D12C4670078240C /* Main.storyboard */; };
		2A2427001D12C4670078240C /* Assets.xcassets in Resources */ = {isa = PBXBuildFile; fileRef = 2A2426FF1D12C4670078240C /* Assets.xcassets */; };
		2A2427031D12C4670078240C /* LaunchScreen.storyboard in Resources */ = {isa = PBXBuildFile; fileRef = 2A2427011D12C4670078240C /* LaunchScreen.storyboard */; };
		2A24270E1D12C4670078240C /* EMallTests.m in Sources */ = {isa = PBXBuildFile; fileRef = 2A24270D1D12C4670078240C /* EMallTests.m */; };
		2A2427191D12C4670078240C /* EMallUITests.m in Sources */ = {isa = PBXBuildFile; fileRef = 2A2427181D12C4670078240C /* EMallUITests.m */; };
		2A24272F1D12C81E0078240C /* OCBaseModel.m in Sources */ = {isa = PBXBuildFile; fileRef = 2A24272E1D12C81E0078240C /* OCBaseModel.m */; };
		2A2427321D12C8510078240C /* OCBaseNetService.m in Sources */ = {isa = PBXBuildFile; fileRef = 2A2427311D12C8510078240C /* OCBaseNetService.m */; };
		2A2427361D12C8C50078240C /* OCResponseResult.m in Sources */ = {isa = PBXBuildFile; fileRef = 2A2427351D12C8C50078240C /* OCResponseResult.m */; };
		2A2427391D12C8D90078240C /* OCNetSessionManager.m in Sources */ = {isa = PBXBuildFile; fileRef = 2A2427381D12C8D90078240C /* OCNetSessionManager.m */; };
		2ADF60091D27C4CC00DF757B /* OCUIUtil.m in Sources */ = {isa = PBXBuildFile; fileRef = 2ADF60061D27C4CC00DF757B /* OCUIUtil.m */; };
		2ADF600A1D27C4CC00DF757B /* UIFont+OCUIUtil.m in Sources */ = {isa = PBXBuildFile; fileRef = 2ADF60081D27C4CC00DF757B /* UIFont+OCUIUtil.m */; };
		2ADF60421D27C59C00DF757B /* UINavigationController+FDFullscreenPopGesture.m in Sources */ = {isa = PBXBuildFile; fileRef = 2ADF600E1D27C59C00DF757B /* UINavigationController+FDFullscreenPopGesture.m */; };
		2ADF60431D27C59C00DF757B /* NSDate+Category.m in Sources */ = {isa = PBXBuildFile; fileRef = 2ADF60111D27C59C00DF757B /* NSDate+Category.m */; };
		2ADF60441D27C59C00DF757B /* NSString+Addition.m in Sources */ = {isa = PBXBuildFile; fileRef = 2ADF60141D27C59C00DF757B /* NSString+Addition.m */; };
		2ADF60471D27C59C00DF757B /* NSString+VideoDuration.m in Sources */ = {isa = PBXBuildFile; fileRef = 2ADF601A1D27C59C00DF757B /* NSString+VideoDuration.m */; };
		2ADF60481D27C59C00DF757B /* UIButton+Category.m in Sources */ = {isa = PBXBuildFile; fileRef = 2ADF601D1D27C59C00DF757B /* UIButton+Category.m */; };
		2ADF60491D27C59C00DF757B /* UIColor+ILHexStringColor.m in Sources */ = {isa = PBXBuildFile; fileRef = 2ADF60201D27C59C00DF757B /* UIColor+ILHexStringColor.m */; };
		2ADF604A1D27C59C00DF757B /* UIImage+OCColorImage.m in Sources */ = {isa = PBXBuildFile; fileRef = 2ADF60231D27C59C00DF757B /* UIImage+OCColorImage.m */; };
		2ADF604B1D27C59C00DF757B /* UIImage+OCFixIssue.m in Sources */ = {isa = PBXBuildFile; fileRef = 2ADF60251D27C59C00DF757B /* UIImage+OCFixIssue.m */; };
		2ADF604C1D27C59C00DF757B /* UILabel+Category.m in Sources */ = {isa = PBXBuildFile; fileRef = 2ADF60281D27C59C00DF757B /* UILabel+Category.m */; };
		2ADF604D1D27C59C00DF757B /* UIViewController+DATracker.m in Sources */ = {isa = PBXBuildFile; fileRef = 2ADF602B1D27C59C00DF757B /* UIViewController+DATracker.m */; };
		2ADF604E1D27C59C00DF757B /* UIViewController+OCImagePickerAuthorization.m in Sources */ = {isa = PBXBuildFile; fileRef = 2ADF602D1D27C59C00DF757B /* UIViewController+OCImagePickerAuthorization.m */; };
		2ADF604F1D27C59C00DF757B /* UIViewController+OCTopBarMessage.m in Sources */ = {isa = PBXBuildFile; fileRef = 2ADF602F1D27C59C00DF757B /* UIViewController+OCTopBarMessage.m */; };
		2ADF60511D27C59C00DF757B /* OCPageLoadAnimationView.m in Sources */ = {isa = PBXBuildFile; fileRef = 2ADF60341D27C59C00DF757B /* OCPageLoadAnimationView.m */; };
		2ADF60521D27C59C00DF757B /* OCPageLoadView.m in Sources */ = {isa = PBXBuildFile; fileRef = 2ADF60361D27C59C00DF757B /* OCPageLoadView.m */; };
		2ADF60531D27C59C00DF757B /* UIView+OCPageLoad.m in Sources */ = {isa = PBXBuildFile; fileRef = 2ADF60391D27C59C00DF757B /* UIView+OCPageLoad.m */; };
		2ADF60541D27C59C00DF757B /* OCNRefresheFootView.m in Sources */ = {isa = PBXBuildFile; fileRef = 2ADF603C1D27C59C00DF757B /* OCNRefresheFootView.m */; };
		2ADF60551D27C59C00DF757B /* OCNRefreshHeadView.m in Sources */ = {isa = PBXBuildFile; fileRef = 2ADF603E1D27C59C00DF757B /* OCNRefreshHeadView.m */; };
		2ADF60561D27C59C00DF757B /* UIScrollView+OCRefresh.m in Sources */ = {isa = PBXBuildFile; fileRef = 2ADF60411D27C59C00DF757B /* UIScrollView+OCRefresh.m */; };
		2ADF605D1D27C72400DF757B /* OCTopWarningView.m in Sources */ = {isa = PBXBuildFile; fileRef = 2ADF605C1D27C72400DF757B /* OCTopWarningView.m */; };
		2ADF60601D27CCC500DF757B /* UIImageView+EduUtils.m in Sources */ = {isa = PBXBuildFile; fileRef = 2ADF605F1D27CCC500DF757B /* UIImageView+EduUtils.m */; };
		2ADF60631D27CD2E00DF757B /* NSString+Utility.m in Sources */ = {isa = PBXBuildFile; fileRef = 2ADF60621D27CD2E00DF757B /* NSString+Utility.m */; };
		2ADF60681D27D9AE00DF757B /* EMInfiniteView.m in Sources */ = {isa = PBXBuildFile; fileRef = 2ADF60671D27D9AE00DF757B /* EMInfiniteView.m */; };
		2ADF606B1D27DA5A00DF757B /* EMInfiniteViewCell.m in Sources */ = {isa = PBXBuildFile; fileRef = 2ADF606A1D27DA5A00DF757B /* EMInfiniteViewCell.m */; };
		BD36AD30D78027A886266EEE /* libPods.a in Frameworks */ = {isa = PBXBuildFile; fileRef = 0C43B072F24654A451413ABA /* libPods.a */; };
/* End PBXBuildFile section */

/* Begin PBXContainerItemProxy section */
		2A24270A1D12C4670078240C /* PBXContainerItemProxy */ = {
			isa = PBXContainerItemProxy;
			containerPortal = 2A2426E81D12C4670078240C /* Project object */;
			proxyType = 1;
			remoteGlobalIDString = 2A2426EF1D12C4670078240C;
			remoteInfo = EMall;
		};
		2A2427151D12C4670078240C /* PBXContainerItemProxy */ = {
			isa = PBXContainerItemProxy;
			containerPortal = 2A2426E81D12C4670078240C /* Project object */;
			proxyType = 1;
			remoteGlobalIDString = 2A2426EF1D12C4670078240C;
			remoteInfo = EMall;
		};
/* End PBXContainerItemProxy section */

/* Begin PBXFileReference section */
		0C43B072F24654A451413ABA /* libPods.a */ = {isa = PBXFileReference; explicitFileType = archive.ar; includeInIndex = 0; path = libPods.a; sourceTree = BUILT_PRODUCTS_DIR; };
		2A0351F71D1A3E2B002BE7B7 /* OCBaseTableViewController.h */ = {isa = PBXFileReference; fileEncoding = 4; lastKnownFileType = sourcecode.c.h; path = OCBaseTableViewController.h; sourceTree = "<group>"; };
		2A0351F81D1A3E2B002BE7B7 /* OCBaseTableViewController.m */ = {isa = PBXFileReference; fileEncoding = 4; lastKnownFileType = sourcecode.c.objc; path = OCBaseTableViewController.m; sourceTree = "<group>"; };
		2A0351F91D1A3E2B002BE7B7 /* OCBaseViewController.h */ = {isa = PBXFileReference; fileEncoding = 4; lastKnownFileType = sourcecode.c.h; path = OCBaseViewController.h; sourceTree = "<group>"; };
		2A0351FA1D1A3E2B002BE7B7 /* OCBaseViewController.m */ = {isa = PBXFileReference; fileEncoding = 4; lastKnownFileType = sourcecode.c.objc; path = OCBaseViewController.m; sourceTree = "<group>"; };
		2A0351FD1D1A3E2B002BE7B7 /* OCRootTabbarController.h */ = {isa = PBXFileReference; fileEncoding = 4; lastKnownFileType = sourcecode.c.h; path = OCRootTabbarController.h; sourceTree = "<group>"; };
		2A0351FE1D1A3E2B002BE7B7 /* OCRootTabbarController.m */ = {isa = PBXFileReference; fileEncoding = 4; lastKnownFileType = sourcecode.c.objc; path = OCRootTabbarController.m; sourceTree = "<group>"; };
		2A0351FF1D1A3E2B002BE7B7 /* UIViewController+OpenCourse.h */ = {isa = PBXFileReference; fileEncoding = 4; lastKnownFileType = sourcecode.c.h; path = "UIViewController+OpenCourse.h"; sourceTree = "<group>"; };
		2A0352001D1A3E2B002BE7B7 /* UIViewController+OpenCourse.m */ = {isa = PBXFileReference; fileEncoding = 4; lastKnownFileType = sourcecode.c.objc; path = "UIViewController+OpenCourse.m"; sourceTree = "<group>"; };
		2A0352061D1A3FAE002BE7B7 /* EMHomeViewController.h */ = {isa = PBXFileReference; fileEncoding = 4; lastKnownFileType = sourcecode.c.h; path = EMHomeViewController.h; sourceTree = "<group>"; };
		2A0352071D1A3FAE002BE7B7 /* EMHomeViewController.m */ = {isa = PBXFileReference; fileEncoding = 4; lastKnownFileType = sourcecode.c.objc; path = EMHomeViewController.m; sourceTree = "<group>"; };
		2A0352091D1A3FBA002BE7B7 /* EMMeViewController.h */ = {isa = PBXFileReference; fileEncoding = 4; lastKnownFileType = sourcecode.c.h; path = EMMeViewController.h; sourceTree = "<group>"; };
		2A03520A1D1A3FBA002BE7B7 /* EMMeViewController.m */ = {isa = PBXFileReference; fileEncoding = 4; lastKnownFileType = sourcecode.c.objc; path = EMMeViewController.m; sourceTree = "<group>"; };
		2A03520C1D1A3FC9002BE7B7 /* EMCartViewController.h */ = {isa = PBXFileReference; fileEncoding = 4; lastKnownFileType = sourcecode.c.h; path = EMCartViewController.h; sourceTree = "<group>"; };
		2A03520D1D1A3FC9002BE7B7 /* EMCartViewController.m */ = {isa = PBXFileReference; fileEncoding = 4; lastKnownFileType = sourcecode.c.objc; path = EMCartViewController.m; sourceTree = "<group>"; };
		2A03520F1D1A3FDA002BE7B7 /* EMDiscoveryViewController.h */ = {isa = PBXFileReference; fileEncoding = 4; lastKnownFileType = sourcecode.c.h; path = EMDiscoveryViewController.h; sourceTree = "<group>"; };
		2A0352101D1A3FDA002BE7B7 /* EMDiscoveryViewController.m */ = {isa = PBXFileReference; fileEncoding = 4; lastKnownFileType = sourcecode.c.objc; path = EMDiscoveryViewController.m; sourceTree = "<group>"; };
		2A2426F01D12C4670078240C /* EMall.app */ = {isa = PBXFileReference; explicitFileType = wrapper.application; includeInIndex = 0; path = EMall.app; sourceTree = BUILT_PRODUCTS_DIR; };
		2A2426F41D12C4670078240C /* main.m */ = {isa = PBXFileReference; lastKnownFileType = sourcecode.c.objc; path = main.m; sourceTree = "<group>"; };
		2A2426F61D12C4670078240C /* AppDelegate.h */ = {isa = PBXFileReference; lastKnownFileType = sourcecode.c.h; path = AppDelegate.h; sourceTree = "<group>"; };
		2A2426F71D12C4670078240C /* AppDelegate.m */ = {isa = PBXFileReference; lastKnownFileType = sourcecode.c.objc; path = AppDelegate.m; sourceTree = "<group>"; };
		2A2426FD1D12C4670078240C /* Base */ = {isa = PBXFileReference; lastKnownFileType = file.storyboard; name = Base; path = Base.lproj/Main.storyboard; sourceTree = "<group>"; };
		2A2426FF1D12C4670078240C /* Assets.xcassets */ = {isa = PBXFileReference; lastKnownFileType = folder.assetcatalog; path = Assets.xcassets; sourceTree = "<group>"; };
		2A2427021D12C4670078240C /* Base */ = {isa = PBXFileReference; lastKnownFileType = file.storyboard; name = Base; path = Base.lproj/LaunchScreen.storyboard; sourceTree = "<group>"; };
		2A2427041D12C4670078240C /* Info.plist */ = {isa = PBXFileReference; lastKnownFileType = text.plist.xml; path = Info.plist; sourceTree = "<group>"; };
		2A2427091D12C4670078240C /* EMallTests.xctest */ = {isa = PBXFileReference; explicitFileType = wrapper.cfbundle; includeInIndex = 0; path = EMallTests.xctest; sourceTree = BUILT_PRODUCTS_DIR; };
		2A24270D1D12C4670078240C /* EMallTests.m */ = {isa = PBXFileReference; lastKnownFileType = sourcecode.c.objc; path = EMallTests.m; sourceTree = "<group>"; };
		2A24270F1D12C4670078240C /* Info.plist */ = {isa = PBXFileReference; lastKnownFileType = text.plist.xml; path = Info.plist; sourceTree = "<group>"; };
		2A2427141D12C4670078240C /* EMallUITests.xctest */ = {isa = PBXFileReference; explicitFileType = wrapper.cfbundle; includeInIndex = 0; path = EMallUITests.xctest; sourceTree = BUILT_PRODUCTS_DIR; };
		2A2427181D12C4670078240C /* EMallUITests.m */ = {isa = PBXFileReference; lastKnownFileType = sourcecode.c.objc; path = EMallUITests.m; sourceTree = "<group>"; };
		2A24271A1D12C4670078240C /* Info.plist */ = {isa = PBXFileReference; lastKnownFileType = text.plist.xml; path = Info.plist; sourceTree = "<group>"; };
		2A24272D1D12C81E0078240C /* OCBaseModel.h */ = {isa = PBXFileReference; fileEncoding = 4; lastKnownFileType = sourcecode.c.h; path = OCBaseModel.h; sourceTree = "<group>"; };
		2A24272E1D12C81E0078240C /* OCBaseModel.m */ = {isa = PBXFileReference; fileEncoding = 4; lastKnownFileType = sourcecode.c.objc; path = OCBaseModel.m; sourceTree = "<group>"; };
		2A2427301D12C8510078240C /* OCBaseNetService.h */ = {isa = PBXFileReference; fileEncoding = 4; lastKnownFileType = sourcecode.c.h; path = OCBaseNetService.h; sourceTree = "<group>"; };
		2A2427311D12C8510078240C /* OCBaseNetService.m */ = {isa = PBXFileReference; fileEncoding = 4; lastKnownFileType = sourcecode.c.objc; path = OCBaseNetService.m; sourceTree = "<group>"; };
		2A2427341D12C8C50078240C /* OCResponseResult.h */ = {isa = PBXFileReference; fileEncoding = 4; lastKnownFileType = sourcecode.c.h; path = OCResponseResult.h; sourceTree = "<group>"; };
		2A2427351D12C8C50078240C /* OCResponseResult.m */ = {isa = PBXFileReference; fileEncoding = 4; lastKnownFileType = sourcecode.c.objc; path = OCResponseResult.m; sourceTree = "<group>"; };
		2A2427371D12C8D90078240C /* OCNetSessionManager.h */ = {isa = PBXFileReference; fileEncoding = 4; lastKnownFileType = sourcecode.c.h; path = OCNetSessionManager.h; sourceTree = "<group>"; };
		2A2427381D12C8D90078240C /* OCNetSessionManager.m */ = {isa = PBXFileReference; fileEncoding = 4; lastKnownFileType = sourcecode.c.objc; path = OCNetSessionManager.m; sourceTree = "<group>"; };
		2A24273A1D12C9410078240C /* PrefixHeader.pch */ = {isa = PBXFileReference; fileEncoding = 4; lastKnownFileType = sourcecode.c.h; path = PrefixHeader.pch; sourceTree = "<group>"; };
		2ADF60051D27C4CC00DF757B /* OCUIUtil.h */ = {isa = PBXFileReference; fileEncoding = 4; lastKnownFileType = sourcecode.c.h; path = OCUIUtil.h; sourceTree = "<group>"; };
		2ADF60061D27C4CC00DF757B /* OCUIUtil.m */ = {isa = PBXFileReference; fileEncoding = 4; lastKnownFileType = sourcecode.c.objc; path = OCUIUtil.m; sourceTree = "<group>"; };
		2ADF60071D27C4CC00DF757B /* UIFont+OCUIUtil.h */ = {isa = PBXFileReference; fileEncoding = 4; lastKnownFileType = sourcecode.c.h; path = "UIFont+OCUIUtil.h"; sourceTree = "<group>"; };
		2ADF60081D27C4CC00DF757B /* UIFont+OCUIUtil.m */ = {isa = PBXFileReference; fileEncoding = 4; lastKnownFileType = sourcecode.c.objc; path = "UIFont+OCUIUtil.m"; sourceTree = "<group>"; };
		2ADF600D1D27C59C00DF757B /* UINavigationController+FDFullscreenPopGesture.h */ = {isa = PBXFileReference; fileEncoding = 4; lastKnownFileType = sourcecode.c.h; path = "UINavigationController+FDFullscreenPopGesture.h"; sourceTree = "<group>"; };
		2ADF600E1D27C59C00DF757B /* UINavigationController+FDFullscreenPopGesture.m */ = {isa = PBXFileReference; fileEncoding = 4; lastKnownFileType = sourcecode.c.objc; path = "UINavigationController+FDFullscreenPopGesture.m"; sourceTree = "<group>"; };
		2ADF60101D27C59C00DF757B /* NSDate+Category.h */ = {isa = PBXFileReference; fileEncoding = 4; lastKnownFileType = sourcecode.c.h; path = "NSDate+Category.h"; sourceTree = "<group>"; };
		2ADF60111D27C59C00DF757B /* NSDate+Category.m */ = {isa = PBXFileReference; fileEncoding = 4; lastKnownFileType = sourcecode.c.objc; path = "NSDate+Category.m"; sourceTree = "<group>"; };
		2ADF60131D27C59C00DF757B /* NSString+Addition.h */ = {isa = PBXFileReference; fileEncoding = 4; lastKnownFileType = sourcecode.c.h; path = "NSString+Addition.h"; sourceTree = "<group>"; };
		2ADF60141D27C59C00DF757B /* NSString+Addition.m */ = {isa = PBXFileReference; fileEncoding = 4; lastKnownFileType = sourcecode.c.objc; path = "NSString+Addition.m"; sourceTree = "<group>"; };
		2ADF60191D27C59C00DF757B /* NSString+VideoDuration.h */ = {isa = PBXFileReference; fileEncoding = 4; lastKnownFileType = sourcecode.c.h; path = "NSString+VideoDuration.h"; sourceTree = "<group>"; };
		2ADF601A1D27C59C00DF757B /* NSString+VideoDuration.m */ = {isa = PBXFileReference; fileEncoding = 4; lastKnownFileType = sourcecode.c.objc; path = "NSString+VideoDuration.m"; sourceTree = "<group>"; };
		2ADF601C1D27C59C00DF757B /* UIButton+Category.h */ = {isa = PBXFileReference; fileEncoding = 4; lastKnownFileType = sourcecode.c.h; path = "UIButton+Category.h"; sourceTree = "<group>"; };
		2ADF601D1D27C59C00DF757B /* UIButton+Category.m */ = {isa = PBXFileReference; fileEncoding = 4; lastKnownFileType = sourcecode.c.objc; path = "UIButton+Category.m"; sourceTree = "<group>"; };
		2ADF601F1D27C59C00DF757B /* UIColor+ILHexStringColor.h */ = {isa = PBXFileReference; fileEncoding = 4; lastKnownFileType = sourcecode.c.h; path = "UIColor+ILHexStringColor.h"; sourceTree = "<group>"; };
		2ADF60201D27C59C00DF757B /* UIColor+ILHexStringColor.m */ = {isa = PBXFileReference; fileEncoding = 4; lastKnownFileType = sourcecode.c.objc; path = "UIColor+ILHexStringColor.m"; sourceTree = "<group>"; };
		2ADF60221D27C59C00DF757B /* UIImage+OCColorImage.h */ = {isa = PBXFileReference; fileEncoding = 4; lastKnownFileType = sourcecode.c.h; path = "UIImage+OCColorImage.h"; sourceTree = "<group>"; };
		2ADF60231D27C59C00DF757B /* UIImage+OCColorImage.m */ = {isa = PBXFileReference; fileEncoding = 4; lastKnownFileType = sourcecode.c.objc; path = "UIImage+OCColorImage.m"; sourceTree = "<group>"; };
		2ADF60241D27C59C00DF757B /* UIImage+OCFixIssue.h */ = {isa = PBXFileReference; fileEncoding = 4; lastKnownFileType = sourcecode.c.h; path = "UIImage+OCFixIssue.h"; sourceTree = "<group>"; };
		2ADF60251D27C59C00DF757B /* UIImage+OCFixIssue.m */ = {isa = PBXFileReference; fileEncoding = 4; lastKnownFileType = sourcecode.c.objc; path = "UIImage+OCFixIssue.m"; sourceTree = "<group>"; };
		2ADF60271D27C59C00DF757B /* UILabel+Category.h */ = {isa = PBXFileReference; fileEncoding = 4; lastKnownFileType = sourcecode.c.h; path = "UILabel+Category.h"; sourceTree = "<group>"; };
		2ADF60281D27C59C00DF757B /* UILabel+Category.m */ = {isa = PBXFileReference; fileEncoding = 4; lastKnownFileType = sourcecode.c.objc; path = "UILabel+Category.m"; sourceTree = "<group>"; };
		2ADF602A1D27C59C00DF757B /* UIViewController+DATracker.h */ = {isa = PBXFileReference; fileEncoding = 4; lastKnownFileType = sourcecode.c.h; path = "UIViewController+DATracker.h"; sourceTree = "<group>"; };
		2ADF602B1D27C59C00DF757B /* UIViewController+DATracker.m */ = {isa = PBXFileReference; fileEncoding = 4; lastKnownFileType = sourcecode.c.objc; path = "UIViewController+DATracker.m"; sourceTree = "<group>"; };
		2ADF602C1D27C59C00DF757B /* UIViewController+OCImagePickerAuthorization.h */ = {isa = PBXFileReference; fileEncoding = 4; lastKnownFileType = sourcecode.c.h; path = "UIViewController+OCImagePickerAuthorization.h"; sourceTree = "<group>"; };
		2ADF602D1D27C59C00DF757B /* UIViewController+OCImagePickerAuthorization.m */ = {isa = PBXFileReference; fileEncoding = 4; lastKnownFileType = sourcecode.c.objc; path = "UIViewController+OCImagePickerAuthorization.m"; sourceTree = "<group>"; };
		2ADF602E1D27C59C00DF757B /* UIViewController+OCTopBarMessage.h */ = {isa = PBXFileReference; fileEncoding = 4; lastKnownFileType = sourcecode.c.h; path = "UIViewController+OCTopBarMessage.h"; sourceTree = "<group>"; };
		2ADF602F1D27C59C00DF757B /* UIViewController+OCTopBarMessage.m */ = {isa = PBXFileReference; fileEncoding = 4; lastKnownFileType = sourcecode.c.objc; path = "UIViewController+OCTopBarMessage.m"; sourceTree = "<group>"; };
		2ADF60331D27C59C00DF757B /* OCPageLoadAnimationView.h */ = {isa = PBXFileReference; fileEncoding = 4; lastKnownFileType = sourcecode.c.h; path = OCPageLoadAnimationView.h; sourceTree = "<group>"; };
		2ADF60341D27C59C00DF757B /* OCPageLoadAnimationView.m */ = {isa = PBXFileReference; fileEncoding = 4; lastKnownFileType = sourcecode.c.objc; path = OCPageLoadAnimationView.m; sourceTree = "<group>"; };
		2ADF60351D27C59C00DF757B /* OCPageLoadView.h */ = {isa = PBXFileReference; fileEncoding = 4; lastKnownFileType = sourcecode.c.h; path = OCPageLoadView.h; sourceTree = "<group>"; };
		2ADF60361D27C59C00DF757B /* OCPageLoadView.m */ = {isa = PBXFileReference; fileEncoding = 4; lastKnownFileType = sourcecode.c.objc; path = OCPageLoadView.m; sourceTree = "<group>"; };
		2ADF60371D27C59C00DF757B /* OCPageLoadViewHeader.h */ = {isa = PBXFileReference; fileEncoding = 4; lastKnownFileType = sourcecode.c.h; path = OCPageLoadViewHeader.h; sourceTree = "<group>"; };
		2ADF60381D27C59C00DF757B /* UIView+OCPageLoad.h */ = {isa = PBXFileReference; fileEncoding = 4; lastKnownFileType = sourcecode.c.h; path = "UIView+OCPageLoad.h"; sourceTree = "<group>"; };
		2ADF60391D27C59C00DF757B /* UIView+OCPageLoad.m */ = {isa = PBXFileReference; fileEncoding = 4; lastKnownFileType = sourcecode.c.objc; path = "UIView+OCPageLoad.m"; sourceTree = "<group>"; };
		2ADF603B1D27C59C00DF757B /* OCNRefresheFootView.h */ = {isa = PBXFileReference; fileEncoding = 4; lastKnownFileType = sourcecode.c.h; path = OCNRefresheFootView.h; sourceTree = "<group>"; };
		2ADF603C1D27C59C00DF757B /* OCNRefresheFootView.m */ = {isa = PBXFileReference; fileEncoding = 4; lastKnownFileType = sourcecode.c.objc; path = OCNRefresheFootView.m; sourceTree = "<group>"; };
		2ADF603D1D27C59C00DF757B /* OCNRefreshHeadView.h */ = {isa = PBXFileReference; fileEncoding = 4; lastKnownFileType = sourcecode.c.h; path = OCNRefreshHeadView.h; sourceTree = "<group>"; };
		2ADF603E1D27C59C00DF757B /* OCNRefreshHeadView.m */ = {isa = PBXFileReference; fileEncoding = 4; lastKnownFileType = sourcecode.c.objc; path = OCNRefreshHeadView.m; sourceTree = "<group>"; };
		2ADF603F1D27C59C00DF757B /* OCNRefreshKitHeader.h */ = {isa = PBXFileReference; fileEncoding = 4; lastKnownFileType = sourcecode.c.h; path = OCNRefreshKitHeader.h; sourceTree = "<group>"; };
		2ADF60401D27C59C00DF757B /* UIScrollView+OCRefresh.h */ = {isa = PBXFileReference; fileEncoding = 4; lastKnownFileType = sourcecode.c.h; path = "UIScrollView+OCRefresh.h"; sourceTree = "<group>"; };
		2ADF60411D27C59C00DF757B /* UIScrollView+OCRefresh.m */ = {isa = PBXFileReference; fileEncoding = 4; lastKnownFileType = sourcecode.c.objc; path = "UIScrollView+OCRefresh.m"; sourceTree = "<group>"; };
		2ADF605A1D27C6A300DF757B /* EMallHeader.h */ = {isa = PBXFileReference; fileEncoding = 4; lastKnownFileType = sourcecode.c.h; path = EMallHeader.h; sourceTree = "<group>"; };
		2ADF605B1D27C72400DF757B /* OCTopWarningView.h */ = {isa = PBXFileReference; fileEncoding = 4; lastKnownFileType = sourcecode.c.h; path = OCTopWarningView.h; sourceTree = "<group>"; };
		2ADF605C1D27C72400DF757B /* OCTopWarningView.m */ = {isa = PBXFileReference; fileEncoding = 4; lastKnownFileType = sourcecode.c.objc; path = OCTopWarningView.m; sourceTree = "<group>"; };
		2ADF605E1D27CCC500DF757B /* UIImageView+EduUtils.h */ = {isa = PBXFileReference; fileEncoding = 4; lastKnownFileType = sourcecode.c.h; path = "UIImageView+EduUtils.h"; sourceTree = "<group>"; };
		2ADF605F1D27CCC500DF757B /* UIImageView+EduUtils.m */ = {isa = PBXFileReference; fileEncoding = 4; lastKnownFileType = sourcecode.c.objc; path = "UIImageView+EduUtils.m"; sourceTree = "<group>"; };
		2ADF60611D27CD2E00DF757B /* NSString+Utility.h */ = {isa = PBXFileReference; fileEncoding = 4; lastKnownFileType = sourcecode.c.h; path = "NSString+Utility.h"; sourceTree = "<group>"; };
		2ADF60621D27CD2E00DF757B /* NSString+Utility.m */ = {isa = PBXFileReference; fileEncoding = 4; lastKnownFileType = sourcecode.c.objc; path = "NSString+Utility.m"; sourceTree = "<group>"; };
		2ADF60661D27D9AE00DF757B /* EMInfiniteView.h */ = {isa = PBXFileReference; fileEncoding = 4; lastKnownFileType = sourcecode.c.h; path = EMInfiniteView.h; sourceTree = "<group>"; };
		2ADF60671D27D9AE00DF757B /* EMInfiniteView.m */ = {isa = PBXFileReference; fileEncoding = 4; lastKnownFileType = sourcecode.c.objc; path = EMInfiniteView.m; sourceTree = "<group>"; };
		2ADF60691D27DA5A00DF757B /* EMInfiniteViewCell.h */ = {isa = PBXFileReference; fileEncoding = 4; lastKnownFileType = sourcecode.c.h; path = EMInfiniteViewCell.h; sourceTree = "<group>"; };
		2ADF606A1D27DA5A00DF757B /* EMInfiniteViewCell.m */ = {isa = PBXFileReference; fileEncoding = 4; lastKnownFileType = sourcecode.c.objc; path = EMInfiniteViewCell.m; sourceTree = "<group>"; };
		49D39B160C376A176EB9BCEF /* Pods.release.xcconfig */ = {isa = PBXFileReference; includeInIndex = 1; lastKnownFileType = text.xcconfig; name = Pods.release.xcconfig; path = "Pods/Target Support Files/Pods/Pods.release.xcconfig"; sourceTree = "<group>"; };
		B83B0852199F6A36CE9F3AC2 /* Pods.debug.xcconfig */ = {isa = PBXFileReference; includeInIndex = 1; lastKnownFileType = text.xcconfig; name = Pods.debug.xcconfig; path = "Pods/Target Support Files/Pods/Pods.debug.xcconfig"; sourceTree = "<group>"; };
/* End PBXFileReference section */

/* Begin PBXFrameworksBuildPhase section */
		2A2426ED1D12C4670078240C /* Frameworks */ = {
			isa = PBXFrameworksBuildPhase;
			buildActionMask = 2147483647;
			files = (
				BD36AD30D78027A886266EEE /* libPods.a in Frameworks */,
			);
			runOnlyForDeploymentPostprocessing = 0;
		};
		2A2427061D12C4670078240C /* Frameworks */ = {
			isa = PBXFrameworksBuildPhase;
			buildActionMask = 2147483647;
			files = (
			);
			runOnlyForDeploymentPostprocessing = 0;
		};
		2A2427111D12C4670078240C /* Frameworks */ = {
			isa = PBXFrameworksBuildPhase;
			buildActionMask = 2147483647;
			files = (
			);
			runOnlyForDeploymentPostprocessing = 0;
		};
/* End PBXFrameworksBuildPhase section */

/* Begin PBXGroup section */
		2A0351EF1D1A3322002BE7B7 /* Business */ = {
			isa = PBXGroup;
			children = (
				2A0351F51D1A3DC1002BE7B7 /* Base */,
				2A0351F11D1A3DA6002BE7B7 /* Cart */,
				2A0351F21D1A3DA6002BE7B7 /* Discovery */,
				2A0351F31D1A3DA6002BE7B7 /* Home */,
				2A0351F41D1A3DA6002BE7B7 /* Me */,
			);
			path = Business;
			sourceTree = "<group>";
		};
		2A0351F11D1A3DA6002BE7B7 /* Cart */ = {
			isa = PBXGroup;
			children = (
				2A03520C1D1A3FC9002BE7B7 /* EMCartViewController.h */,
				2A03520D1D1A3FC9002BE7B7 /* EMCartViewController.m */,
			);
			path = Cart;
			sourceTree = "<group>";
		};
		2A0351F21D1A3DA6002BE7B7 /* Discovery */ = {
			isa = PBXGroup;
			children = (
				2A03520F1D1A3FDA002BE7B7 /* EMDiscoveryViewController.h */,
				2A0352101D1A3FDA002BE7B7 /* EMDiscoveryViewController.m */,
			);
			path = Discovery;
			sourceTree = "<group>";
		};
		2A0351F31D1A3DA6002BE7B7 /* Home */ = {
			isa = PBXGroup;
			children = (
				2A0352061D1A3FAE002BE7B7 /* EMHomeViewController.h */,
				2A0352071D1A3FAE002BE7B7 /* EMHomeViewController.m */,
			);
			path = Home;
			sourceTree = "<group>";
		};
		2A0351F41D1A3DA6002BE7B7 /* Me */ = {
			isa = PBXGroup;
			children = (
				2A0352091D1A3FBA002BE7B7 /* EMMeViewController.h */,
				2A03520A1D1A3FBA002BE7B7 /* EMMeViewController.m */,
			);
			path = Me;
			sourceTree = "<group>";
		};
		2A0351F51D1A3DC1002BE7B7 /* Base */ = {
			isa = PBXGroup;
			children = (
				2A0351F71D1A3E2B002BE7B7 /* OCBaseTableViewController.h */,
				2A0351F81D1A3E2B002BE7B7 /* OCBaseTableViewController.m */,
				2A0351F91D1A3E2B002BE7B7 /* OCBaseViewController.h */,
				2A0351FA1D1A3E2B002BE7B7 /* OCBaseViewController.m */,
				2A0351FD1D1A3E2B002BE7B7 /* OCRootTabbarController.h */,
				2A0351FE1D1A3E2B002BE7B7 /* OCRootTabbarController.m */,
				2A0351FF1D1A3E2B002BE7B7 /* UIViewController+OpenCourse.h */,
				2A0352001D1A3E2B002BE7B7 /* UIViewController+OpenCourse.m */,
			);
			path = Base;
			sourceTree = "<group>";
		};
		2A2426E71D12C4670078240C = {
			isa = PBXGroup;
			children = (
				2A2426F21D12C4670078240C /* EMall */,
				2A24270C1D12C4670078240C /* EMallTests */,
				2A2427171D12C4670078240C /* EMallUITests */,
				2A2426F11D12C4670078240C /* Products */,
				EF6805A071330350DA9828B6 /* Pods */,
				B54517F7DCA11DA62DBFC265 /* Frameworks */,
			);
			sourceTree = "<group>";
		};
		2A2426F11D12C4670078240C /* Products */ = {
			isa = PBXGroup;
			children = (
				2A2426F01D12C4670078240C /* EMall.app */,
				2A2427091D12C4670078240C /* EMallTests.xctest */,
				2A2427141D12C4670078240C /* EMallUITests.xctest */,
			);
			name = Products;
			sourceTree = "<group>";
		};
		2A2426F21D12C4670078240C /* EMall */ = {
			isa = PBXGroup;
			children = (
				2ADF60641D27D95600DF757B /* View */,
				2ADF60571D27C68700DF757B /* Global */,
				2ADF60031D27C4CC00DF757B /* Util */,
				2A0351EF1D1A3322002BE7B7 /* Business */,
				2A2427291D12C80B0078240C /* Models */,
				2A2426F61D12C4670078240C /* AppDelegate.h */,
				2A2426F71D12C4670078240C /* AppDelegate.m */,
				2A2426FC1D12C4670078240C /* Main.storyboard */,
				2A2426FF1D12C4670078240C /* Assets.xcassets */,
				2A2427011D12C4670078240C /* LaunchScreen.storyboard */,
				2A2427041D12C4670078240C /* Info.plist */,
				2A2426F31D12C4670078240C /* Supporting Files */,
				2A24273A1D12C9410078240C /* PrefixHeader.pch */,
			);
			path = EMall;
			sourceTree = "<group>";
		};
		2A2426F31D12C4670078240C /* Supporting Files */ = {
			isa = PBXGroup;
			children = (
				2A2426F41D12C4670078240C /* main.m */,
			);
			name = "Supporting Files";
			sourceTree = "<group>";
		};
		2A24270C1D12C4670078240C /* EMallTests */ = {
			isa = PBXGroup;
			children = (
				2A24270D1D12C4670078240C /* EMallTests.m */,
				2A24270F1D12C4670078240C /* Info.plist */,
			);
			path = EMallTests;
			sourceTree = "<group>";
		};
		2A2427171D12C4670078240C /* EMallUITests */ = {
			isa = PBXGroup;
			children = (
				2A2427181D12C4670078240C /* EMallUITests.m */,
				2A24271A1D12C4670078240C /* Info.plist */,
			);
			path = EMallUITests;
			sourceTree = "<group>";
		};
		2A2427291D12C80B0078240C /* Models */ = {
			isa = PBXGroup;
			children = (
				2A24272A1D12C80B0078240C /* DBService */,
				2A24272B1D12C80B0078240C /* Modes */,
				2A24272C1D12C80B0078240C /* NetService */,
			);
			path = Models;
			sourceTree = "<group>";
		};
		2A24272A1D12C80B0078240C /* DBService */ = {
			isa = PBXGroup;
			children = (
			);
			path = DBService;
			sourceTree = "<group>";
		};
		2A24272B1D12C80B0078240C /* Modes */ = {
			isa = PBXGroup;
			children = (
				2A24272D1D12C81E0078240C /* OCBaseModel.h */,
				2A24272E1D12C81E0078240C /* OCBaseModel.m */,
			);
			path = Modes;
			sourceTree = "<group>";
		};
		2A24272C1D12C80B0078240C /* NetService */ = {
			isa = PBXGroup;
			children = (
				2A2427331D12C8B30078240C /* NetWork */,
				2A2427301D12C8510078240C /* OCBaseNetService.h */,
				2A2427311D12C8510078240C /* OCBaseNetService.m */,
			);
			path = NetService;
			sourceTree = "<group>";
		};
		2A2427331D12C8B30078240C /* NetWork */ = {
			isa = PBXGroup;
			children = (
				2A2427371D12C8D90078240C /* OCNetSessionManager.h */,
				2A2427381D12C8D90078240C /* OCNetSessionManager.m */,
				2A2427341D12C8C50078240C /* OCResponseResult.h */,
				2A2427351D12C8C50078240C /* OCResponseResult.m */,
			);
			path = NetWork;
			sourceTree = "<group>";
		};
		2ADF60031D27C4CC00DF757B /* Util */ = {
			isa = PBXGroup;
			children = (
				2ADF600B1D27C59C00DF757B /* Category */,
				2ADF60321D27C59C00DF757B /* LoadingView */,
				2ADF603A1D27C59C00DF757B /* RefreshView */,
				2ADF60041D27C4CC00DF757B /* UIUtil */,
			);
			path = Util;
			sourceTree = "<group>";
		};
		2ADF60041D27C4CC00DF757B /* UIUtil */ = {
			isa = PBXGroup;
			children = (
				2ADF60051D27C4CC00DF757B /* OCUIUtil.h */,
				2ADF60061D27C4CC00DF757B /* OCUIUtil.m */,
				2ADF60071D27C4CC00DF757B /* UIFont+OCUIUtil.h */,
				2ADF60081D27C4CC00DF757B /* UIFont+OCUIUtil.m */,
			);
			path = UIUtil;
			sourceTree = "<group>";
		};
		2ADF600B1D27C59C00DF757B /* Category */ = {
			isa = PBXGroup;
			children = (
				2ADF600C1D27C59C00DF757B /* Navigation */,
				2ADF600F1D27C59C00DF757B /* NSDate */,
				2ADF60121D27C59C00DF757B /* NSString */,
				2ADF601B1D27C59C00DF757B /* UIButton */,
				2ADF601E1D27C59C00DF757B /* UIColor */,
				2ADF60211D27C59C00DF757B /* UIImage */,
				2ADF60261D27C59C00DF757B /* UILable */,
				2ADF60291D27C59C00DF757B /* UIViewController */,
			);
			path = Category;
			sourceTree = "<group>";
		};
		2ADF600C1D27C59C00DF757B /* Navigation */ = {
			isa = PBXGroup;
			children = (
				2ADF600D1D27C59C00DF757B /* UINavigationController+FDFullscreenPopGesture.h */,
				2ADF600E1D27C59C00DF757B /* UINavigationController+FDFullscreenPopGesture.m */,
			);
			path = Navigation;
			sourceTree = "<group>";
		};
		2ADF600F1D27C59C00DF757B /* NSDate */ = {
			isa = PBXGroup;
			children = (
				2ADF60101D27C59C00DF757B /* NSDate+Category.h */,
				2ADF60111D27C59C00DF757B /* NSDate+Category.m */,
			);
			path = NSDate;
			sourceTree = "<group>";
		};
		2ADF60121D27C59C00DF757B /* NSString */ = {
			isa = PBXGroup;
			children = (
				2ADF60611D27CD2E00DF757B /* NSString+Utility.h */,
				2ADF60621D27CD2E00DF757B /* NSString+Utility.m */,
				2ADF60131D27C59C00DF757B /* NSString+Addition.h */,
				2ADF60141D27C59C00DF757B /* NSString+Addition.m */,
				2ADF60191D27C59C00DF757B /* NSString+VideoDuration.h */,
				2ADF601A1D27C59C00DF757B /* NSString+VideoDuration.m */,
			);
			path = NSString;
			sourceTree = "<group>";
		};
		2ADF601B1D27C59C00DF757B /* UIButton */ = {
			isa = PBXGroup;
			children = (
				2ADF601C1D27C59C00DF757B /* UIButton+Category.h */,
				2ADF601D1D27C59C00DF757B /* UIButton+Category.m */,
			);
			path = UIButton;
			sourceTree = "<group>";
		};
		2ADF601E1D27C59C00DF757B /* UIColor */ = {
			isa = PBXGroup;
			children = (
				2ADF601F1D27C59C00DF757B /* UIColor+ILHexStringColor.h */,
				2ADF60201D27C59C00DF757B /* UIColor+ILHexStringColor.m */,
			);
			path = UIColor;
			sourceTree = "<group>";
		};
		2ADF60211D27C59C00DF757B /* UIImage */ = {
			isa = PBXGroup;
			children = (
				2ADF605E1D27CCC500DF757B /* UIImageView+EduUtils.h */,
				2ADF605F1D27CCC500DF757B /* UIImageView+EduUtils.m */,
				2ADF60221D27C59C00DF757B /* UIImage+OCColorImage.h */,
				2ADF60231D27C59C00DF757B /* UIImage+OCColorImage.m */,
				2ADF60241D27C59C00DF757B /* UIImage+OCFixIssue.h */,
				2ADF60251D27C59C00DF757B /* UIImage+OCFixIssue.m */,
			);
			path = UIImage;
			sourceTree = "<group>";
		};
		2ADF60261D27C59C00DF757B /* UILable */ = {
			isa = PBXGroup;
			children = (
				2ADF60271D27C59C00DF757B /* UILabel+Category.h */,
				2ADF60281D27C59C00DF757B /* UILabel+Category.m */,
			);
			path = UILable;
			sourceTree = "<group>";
		};
		2ADF60291D27C59C00DF757B /* UIViewController */ = {
			isa = PBXGroup;
			children = (
				2ADF605B1D27C72400DF757B /* OCTopWarningView.h */,
				2ADF605C1D27C72400DF757B /* OCTopWarningView.m */,
				2ADF602A1D27C59C00DF757B /* UIViewController+DATracker.h */,
				2ADF602B1D27C59C00DF757B /* UIViewController+DATracker.m */,
				2ADF602C1D27C59C00DF757B /* UIViewController+OCImagePickerAuthorization.h */,
				2ADF602D1D27C59C00DF757B /* UIViewController+OCImagePickerAuthorization.m */,
				2ADF602E1D27C59C00DF757B /* UIViewController+OCTopBarMessage.h */,
				2ADF602F1D27C59C00DF757B /* UIViewController+OCTopBarMessage.m */,
			);
			path = UIViewController;
			sourceTree = "<group>";
		};
		2ADF60321D27C59C00DF757B /* LoadingView */ = {
			isa = PBXGroup;
			children = (
				2ADF60331D27C59C00DF757B /* OCPageLoadAnimationView.h */,
				2ADF60341D27C59C00DF757B /* OCPageLoadAnimationView.m */,
				2ADF60351D27C59C00DF757B /* OCPageLoadView.h */,
				2ADF60361D27C59C00DF757B /* OCPageLoadView.m */,
				2ADF60371D27C59C00DF757B /* OCPageLoadViewHeader.h */,
				2ADF60381D27C59C00DF757B /* UIView+OCPageLoad.h */,
				2ADF60391D27C59C00DF757B /* UIView+OCPageLoad.m */,
			);
			path = LoadingView;
			sourceTree = "<group>";
		};
		2ADF603A1D27C59C00DF757B /* RefreshView */ = {
			isa = PBXGroup;
			children = (
				2ADF603B1D27C59C00DF757B /* OCNRefresheFootView.h */,
				2ADF603C1D27C59C00DF757B /* OCNRefresheFootView.m */,
				2ADF603D1D27C59C00DF757B /* OCNRefreshHeadView.h */,
				2ADF603E1D27C59C00DF757B /* OCNRefreshHeadView.m */,
				2ADF603F1D27C59C00DF757B /* OCNRefreshKitHeader.h */,
				2ADF60401D27C59C00DF757B /* UIScrollView+OCRefresh.h */,
				2ADF60411D27C59C00DF757B /* UIScrollView+OCRefresh.m */,
			);
			path = RefreshView;
			sourceTree = "<group>";
		};
		2ADF60571D27C68700DF757B /* Global */ = {
			isa = PBXGroup;
			children = (
				2ADF605A1D27C6A300DF757B /* EMallHeader.h */,
			);
			path = Global;
			sourceTree = "<group>";
		};
		2ADF60641D27D95600DF757B /* View */ = {
			isa = PBXGroup;
			children = (
				2ADF60651D27D98900DF757B /* InfiniteView */,
			);
			path = View;
			sourceTree = "<group>";
		};
		2ADF60651D27D98900DF757B /* InfiniteView */ = {
			isa = PBXGroup;
			children = (
				2ADF60661D27D9AE00DF757B /* EMInfiniteView.h */,
				2ADF60671D27D9AE00DF757B /* EMInfiniteView.m */,
				2ADF60691D27DA5A00DF757B /* EMInfiniteViewCell.h */,
				2ADF606A1D27DA5A00DF757B /* EMInfiniteViewCell.m */,
			);
			path = InfiniteView;
			sourceTree = "<group>";
		};
		B54517F7DCA11DA62DBFC265 /* Frameworks */ = {
			isa = PBXGroup;
			children = (
				0C43B072F24654A451413ABA /* libPods.a */,
			);
			name = Frameworks;
			sourceTree = "<group>";
		};
		EF6805A071330350DA9828B6 /* Pods */ = {
			isa = PBXGroup;
			children = (
				B83B0852199F6A36CE9F3AC2 /* Pods.debug.xcconfig */,
				49D39B160C376A176EB9BCEF /* Pods.release.xcconfig */,
			);
			name = Pods;
			sourceTree = "<group>";
		};
/* End PBXGroup section */

/* Begin PBXNativeTarget section */
		2A2426EF1D12C4670078240C /* EMall */ = {
			isa = PBXNativeTarget;
			buildConfigurationList = 2A24271D1D12C4670078240C /* Build configuration list for PBXNativeTarget "EMall" */;
			buildPhases = (
				F6FCDF7C1C7723793BAB0B18 /* Check Pods Manifest.lock */,
				2A2426EC1D12C4670078240C /* Sources */,
				2A2426ED1D12C4670078240C /* Frameworks */,
				2A2426EE1D12C4670078240C /* Resources */,
				F3B1D815ADECF6B8ABDB3CB5 /* Embed Pods Frameworks */,
				E35F727B11202A8D3026ADF5 /* Copy Pods Resources */,
			);
			buildRules = (
			);
			dependencies = (
			);
			name = EMall;
			productName = EMall;
			productReference = 2A2426F01D12C4670078240C /* EMall.app */;
			productType = "com.apple.product-type.application";
		};
		2A2427081D12C4670078240C /* EMallTests */ = {
			isa = PBXNativeTarget;
			buildConfigurationList = 2A2427201D12C4670078240C /* Build configuration list for PBXNativeTarget "EMallTests" */;
			buildPhases = (
				2A2427051D12C4670078240C /* Sources */,
				2A2427061D12C4670078240C /* Frameworks */,
				2A2427071D12C4670078240C /* Resources */,
			);
			buildRules = (
			);
			dependencies = (
				2A24270B1D12C4670078240C /* PBXTargetDependency */,
			);
			name = EMallTests;
			productName = EMallTests;
			productReference = 2A2427091D12C4670078240C /* EMallTests.xctest */;
			productType = "com.apple.product-type.bundle.unit-test";
		};
		2A2427131D12C4670078240C /* EMallUITests */ = {
			isa = PBXNativeTarget;
			buildConfigurationList = 2A2427231D12C4670078240C /* Build configuration list for PBXNativeTarget "EMallUITests" */;
			buildPhases = (
				2A2427101D12C4670078240C /* Sources */,
				2A2427111D12C4670078240C /* Frameworks */,
				2A2427121D12C4670078240C /* Resources */,
			);
			buildRules = (
			);
			dependencies = (
				2A2427161D12C4670078240C /* PBXTargetDependency */,
			);
			name = EMallUITests;
			productName = EMallUITests;
			productReference = 2A2427141D12C4670078240C /* EMallUITests.xctest */;
			productType = "com.apple.product-type.bundle.ui-testing";
		};
/* End PBXNativeTarget section */

/* Begin PBXProject section */
		2A2426E81D12C4670078240C /* Project object */ = {
			isa = PBXProject;
			attributes = {
				LastUpgradeCheck = 0730;
				ORGANIZATIONNAME = Luigi;
				TargetAttributes = {
					2A2426EF1D12C4670078240C = {
						CreatedOnToolsVersion = 7.3.1;
					};
					2A2427081D12C4670078240C = {
						CreatedOnToolsVersion = 7.3.1;
						TestTargetID = 2A2426EF1D12C4670078240C;
					};
					2A2427131D12C4670078240C = {
						CreatedOnToolsVersion = 7.3.1;
						TestTargetID = 2A2426EF1D12C4670078240C;
					};
				};
			};
			buildConfigurationList = 2A2426EB1D12C4670078240C /* Build configuration list for PBXProject "EMall" */;
			compatibilityVersion = "Xcode 3.2";
			developmentRegion = English;
			hasScannedForEncodings = 0;
			knownRegions = (
				en,
				Base,
			);
			mainGroup = 2A2426E71D12C4670078240C;
			productRefGroup = 2A2426F11D12C4670078240C /* Products */;
			projectDirPath = "";
			projectRoot = "";
			targets = (
				2A2426EF1D12C4670078240C /* EMall */,
				2A2427081D12C4670078240C /* EMallTests */,
				2A2427131D12C4670078240C /* EMallUITests */,
			);
		};
/* End PBXProject section */

/* Begin PBXResourcesBuildPhase section */
		2A2426EE1D12C4670078240C /* Resources */ = {
			isa = PBXResourcesBuildPhase;
			buildActionMask = 2147483647;
			files = (
				2A2427031D12C4670078240C /* LaunchScreen.storyboard in Resources */,
				2A2427001D12C4670078240C /* Assets.xcassets in Resources */,
				2A2426FE1D12C4670078240C /* Main.storyboard in Resources */,
			);
			runOnlyForDeploymentPostprocessing = 0;
		};
		2A2427071D12C4670078240C /* Resources */ = {
			isa = PBXResourcesBuildPhase;
			buildActionMask = 2147483647;
			files = (
			);
			runOnlyForDeploymentPostprocessing = 0;
		};
		2A2427121D12C4670078240C /* Resources */ = {
			isa = PBXResourcesBuildPhase;
			buildActionMask = 2147483647;
			files = (
			);
			runOnlyForDeploymentPostprocessing = 0;
		};
/* End PBXResourcesBuildPhase section */

/* Begin PBXShellScriptBuildPhase section */
		E35F727B11202A8D3026ADF5 /* Copy Pods Resources */ = {
			isa = PBXShellScriptBuildPhase;
			buildActionMask = 2147483647;
			files = (
			);
			inputPaths = (
			);
			name = "Copy Pods Resources";
			outputPaths = (
			);
			runOnlyForDeploymentPostprocessing = 0;
			shellPath = /bin/sh;
			shellScript = "\"${SRCROOT}/Pods/Target Support Files/Pods/Pods-resources.sh\"\n";
			showEnvVarsInLog = 0;
		};
		F3B1D815ADECF6B8ABDB3CB5 /* Embed Pods Frameworks */ = {
			isa = PBXShellScriptBuildPhase;
			buildActionMask = 2147483647;
			files = (
			);
			inputPaths = (
			);
			name = "Embed Pods Frameworks";
			outputPaths = (
			);
			runOnlyForDeploymentPostprocessing = 0;
			shellPath = /bin/sh;
			shellScript = "\"${SRCROOT}/Pods/Target Support Files/Pods/Pods-frameworks.sh\"\n";
			showEnvVarsInLog = 0;
		};
		F6FCDF7C1C7723793BAB0B18 /* Check Pods Manifest.lock */ = {
			isa = PBXShellScriptBuildPhase;
			buildActionMask = 2147483647;
			files = (
			);
			inputPaths = (
			);
			name = "Check Pods Manifest.lock";
			outputPaths = (
			);
			runOnlyForDeploymentPostprocessing = 0;
			shellPath = /bin/sh;
			shellScript = "diff \"${PODS_ROOT}/../Podfile.lock\" \"${PODS_ROOT}/Manifest.lock\" > /dev/null\nif [[ $? != 0 ]] ; then\n    cat << EOM\nerror: The sandbox is not in sync with the Podfile.lock. Run 'pod install' or update your CocoaPods installation.\nEOM\n    exit 1\nfi\n";
			showEnvVarsInLog = 0;
		};
/* End PBXShellScriptBuildPhase section */

/* Begin PBXSourcesBuildPhase section */
		2A2426EC1D12C4670078240C /* Sources */ = {
			isa = PBXSourcesBuildPhase;
			buildActionMask = 2147483647;
			files = (
				2ADF604A1D27C59C00DF757B /* UIImage+OCColorImage.m in Sources */,
				2ADF60601D27CCC500DF757B /* UIImageView+EduUtils.m in Sources */,
				2ADF60421D27C59C00DF757B /* UINavigationController+FDFullscreenPopGesture.m in Sources */,
				2A2427391D12C8D90078240C /* OCNetSessionManager.m in Sources */,
				2A0352021D1A3E2B002BE7B7 /* OCBaseViewController.m in Sources */,
				2ADF604B1D27C59C00DF757B /* UIImage+OCFixIssue.m in Sources */,
				2A0352011D1A3E2B002BE7B7 /* OCBaseTableViewController.m in Sources */,
				2ADF604C1D27C59C00DF757B /* UILabel+Category.m in Sources */,
				2ADF604F1D27C59C00DF757B /* UIViewController+OCTopBarMessage.m in Sources */,
				2ADF60441D27C59C00DF757B /* NSString+Addition.m in Sources */,
				2A2426F81D12C4670078240C /* AppDelegate.m in Sources */,
				2ADF60541D27C59C00DF757B /* OCNRefresheFootView.m in Sources */,
				2A24272F1D12C81E0078240C /* OCBaseModel.m in Sources */,
				2A0352051D1A3E2B002BE7B7 /* UIViewController+OpenCourse.m in Sources */,
				2ADF60681D27D9AE00DF757B /* EMInfiniteView.m in Sources */,
				2ADF60561D27C59C00DF757B /* UIScrollView+OCRefresh.m in Sources */,
				2ADF60521D27C59C00DF757B /* OCPageLoadView.m in Sources */,
				2ADF60091D27C4CC00DF757B /* OCUIUtil.m in Sources */,
				2ADF60431D27C59C00DF757B /* NSDate+Category.m in Sources */,
				2ADF60471D27C59C00DF757B /* NSString+VideoDuration.m in Sources */,
				2ADF604E1D27C59C00DF757B /* UIViewController+OCImagePickerAuthorization.m in Sources */,
				2A0352081D1A3FAE002BE7B7 /* EMHomeViewController.m in Sources */,
				2ADF60531D27C59C00DF757B /* UIView+OCPageLoad.m in Sources */,
				2A03520B1D1A3FBA002BE7B7 /* EMMeViewController.m in Sources */,
				2A2427361D12C8C50078240C /* OCResponseResult.m in Sources */,
				2ADF605D1D27C72400DF757B /* OCTopWarningView.m in Sources */,
				2ADF60551D27C59C00DF757B /* OCNRefreshHeadView.m in Sources */,
				2ADF600A1D27C4CC00DF757B /* UIFont+OCUIUtil.m in Sources */,
				2A2427321D12C8510078240C /* OCBaseNetService.m in Sources */,
				2A2426F51D12C4670078240C /* main.m in Sources */,
				2A0352111D1A3FDA002BE7B7 /* EMDiscoveryViewController.m in Sources */,
				2A03520E1D1A3FC9002BE7B7 /* EMCartViewController.m in Sources */,
				2ADF604D1D27C59C00DF757B /* UIViewController+DATracker.m in Sources */,
				2ADF60491D27C59C00DF757B /* UIColor+ILHexStringColor.m in Sources */,
				2ADF60631D27CD2E00DF757B /* NSString+Utility.m in Sources */,
				2ADF60481D27C59C00DF757B /* UIButton+Category.m in Sources */,
				2ADF606B1D27DA5A00DF757B /* EMInfiniteViewCell.m in Sources */,
				2ADF60511D27C59C00DF757B /* OCPageLoadAnimationView.m in Sources */,
				2A0352041D1A3E2B002BE7B7 /* OCRootTabbarController.m in Sources */,
			);
			runOnlyForDeploymentPostprocessing = 0;
		};
		2A2427051D12C4670078240C /* Sources */ = {
			isa = PBXSourcesBuildPhase;
			buildActionMask = 2147483647;
			files = (
				2A24270E1D12C4670078240C /* EMallTests.m in Sources */,
			);
			runOnlyForDeploymentPostprocessing = 0;
		};
		2A2427101D12C4670078240C /* Sources */ = {
			isa = PBXSourcesBuildPhase;
			buildActionMask = 2147483647;
			files = (
				2A2427191D12C4670078240C /* EMallUITests.m in Sources */,
			);
			runOnlyForDeploymentPostprocessing = 0;
		};
/* End PBXSourcesBuildPhase section */

/* Begin PBXTargetDependency section */
		2A24270B1D12C4670078240C /* PBXTargetDependency */ = {
			isa = PBXTargetDependency;
			target = 2A2426EF1D12C4670078240C /* EMall */;
			targetProxy = 2A24270A1D12C4670078240C /* PBXContainerItemProxy */;
		};
		2A2427161D12C4670078240C /* PBXTargetDependency */ = {
			isa = PBXTargetDependency;
			target = 2A2426EF1D12C4670078240C /* EMall */;
			targetProxy = 2A2427151D12C4670078240C /* PBXContainerItemProxy */;
		};
/* End PBXTargetDependency section */

/* Begin PBXVariantGroup section */
		2A2426FC1D12C4670078240C /* Main.storyboard */ = {
			isa = PBXVariantGroup;
			children = (
				2A2426FD1D12C4670078240C /* Base */,
			);
			name = Main.storyboard;
			sourceTree = "<group>";
		};
		2A2427011D12C4670078240C /* LaunchScreen.storyboard */ = {
			isa = PBXVariantGroup;
			children = (
				2A2427021D12C4670078240C /* Base */,
			);
			name = LaunchScreen.storyboard;
			sourceTree = "<group>";
		};
/* End PBXVariantGroup section */

/* Begin XCBuildConfiguration section */
		2A24271B1D12C4670078240C /* Debug */ = {
			isa = XCBuildConfiguration;
			buildSettings = {
				ALWAYS_SEARCH_USER_PATHS = NO;
				CLANG_ANALYZER_NONNULL = YES;
				CLANG_CXX_LANGUAGE_STANDARD = "gnu++0x";
				CLANG_CXX_LIBRARY = "libc++";
				CLANG_ENABLE_MODULES = YES;
				CLANG_ENABLE_OBJC_ARC = YES;
				CLANG_WARN_BOOL_CONVERSION = YES;
				CLANG_WARN_CONSTANT_CONVERSION = YES;
				CLANG_WARN_DIRECT_OBJC_ISA_USAGE = YES_ERROR;
				CLANG_WARN_EMPTY_BODY = YES;
				CLANG_WARN_ENUM_CONVERSION = YES;
				CLANG_WARN_INT_CONVERSION = YES;
				CLANG_WARN_OBJC_ROOT_CLASS = YES_ERROR;
				CLANG_WARN_UNREACHABLE_CODE = YES;
				CLANG_WARN__DUPLICATE_METHOD_MATCH = YES;
				"CODE_SIGN_IDENTITY[sdk=iphoneos*]" = "iPhone Developer";
				COPY_PHASE_STRIP = NO;
				DEBUG_INFORMATION_FORMAT = dwarf;
				ENABLE_STRICT_OBJC_MSGSEND = YES;
				ENABLE_TESTABILITY = YES;
				GCC_C_LANGUAGE_STANDARD = gnu99;
				GCC_DYNAMIC_NO_PIC = NO;
				GCC_NO_COMMON_BLOCKS = YES;
				GCC_OPTIMIZATION_LEVEL = 0;
				GCC_PREPROCESSOR_DEFINITIONS = (
					"DEBUG=1",
					"$(inherited)",
				);
				GCC_WARN_64_TO_32_BIT_CONVERSION = YES;
				GCC_WARN_ABOUT_RETURN_TYPE = YES_ERROR;
				GCC_WARN_UNDECLARED_SELECTOR = YES;
				GCC_WARN_UNINITIALIZED_AUTOS = YES_AGGRESSIVE;
				GCC_WARN_UNUSED_FUNCTION = YES;
				GCC_WARN_UNUSED_VARIABLE = YES;
				IPHONEOS_DEPLOYMENT_TARGET = 9.3;
				MTL_ENABLE_DEBUG_INFO = YES;
				ONLY_ACTIVE_ARCH = YES;
				SDKROOT = iphoneos;
			};
			name = Debug;
		};
		2A24271C1D12C4670078240C /* Release */ = {
			isa = XCBuildConfiguration;
			buildSettings = {
				ALWAYS_SEARCH_USER_PATHS = NO;
				CLANG_ANALYZER_NONNULL = YES;
				CLANG_CXX_LANGUAGE_STANDARD = "gnu++0x";
				CLANG_CXX_LIBRARY = "libc++";
				CLANG_ENABLE_MODULES = YES;
				CLANG_ENABLE_OBJC_ARC = YES;
				CLANG_WARN_BOOL_CONVERSION = YES;
				CLANG_WARN_CONSTANT_CONVERSION = YES;
				CLANG_WARN_DIRECT_OBJC_ISA_USAGE = YES_ERROR;
				CLANG_WARN_EMPTY_BODY = YES;
				CLANG_WARN_ENUM_CONVERSION = YES;
				CLANG_WARN_INT_CONVERSION = YES;
				CLANG_WARN_OBJC_ROOT_CLASS = YES_ERROR;
				CLANG_WARN_UNREACHABLE_CODE = YES;
				CLANG_WARN__DUPLICATE_METHOD_MATCH = YES;
				"CODE_SIGN_IDENTITY[sdk=iphoneos*]" = "iPhone Developer";
				COPY_PHASE_STRIP = NO;
				DEBUG_INFORMATION_FORMAT = "dwarf-with-dsym";
				ENABLE_NS_ASSERTIONS = NO;
				ENABLE_STRICT_OBJC_MSGSEND = YES;
				GCC_C_LANGUAGE_STANDARD = gnu99;
				GCC_NO_COMMON_BLOCKS = YES;
				GCC_WARN_64_TO_32_BIT_CONVERSION = YES;
				GCC_WARN_ABOUT_RETURN_TYPE = YES_ERROR;
				GCC_WARN_UNDECLARED_SELECTOR = YES;
				GCC_WARN_UNINITIALIZED_AUTOS = YES_AGGRESSIVE;
				GCC_WARN_UNUSED_FUNCTION = YES;
				GCC_WARN_UNUSED_VARIABLE = YES;
				IPHONEOS_DEPLOYMENT_TARGET = 9.3;
				MTL_ENABLE_DEBUG_INFO = NO;
				SDKROOT = iphoneos;
				VALIDATE_PRODUCT = YES;
			};
			name = Release;
		};
		2A24271E1D12C4670078240C /* Debug */ = {
			isa = XCBuildConfiguration;
			baseConfigurationReference = B83B0852199F6A36CE9F3AC2 /* Pods.debug.xcconfig */;
			buildSettings = {
				ASSETCATALOG_COMPILER_APPICON_NAME = AppIcon;
				GCC_PREFIX_HEADER = "$(SRCROOT)/EMall/PrefixHeader.pch";
				INFOPLIST_FILE = EMall/Info.plist;
				IPHONEOS_DEPLOYMENT_TARGET = 8.0;
				LD_RUNPATH_SEARCH_PATHS = "$(inherited) @executable_path/Frameworks";
				PRODUCT_BUNDLE_IDENTIFIER = com.netease.EMall;
				PRODUCT_NAME = "$(TARGET_NAME)";
			};
			name = Debug;
		};
		2A24271F1D12C4670078240C /* Release */ = {
			isa = XCBuildConfiguration;
			baseConfigurationReference = 49D39B160C376A176EB9BCEF /* Pods.release.xcconfig */;
			buildSettings = {
				ASSETCATALOG_COMPILER_APPICON_NAME = AppIcon;
				GCC_PREFIX_HEADER = "$(SRCROOT)/EMall/PrefixHeader.pch";
				INFOPLIST_FILE = EMall/Info.plist;
				IPHONEOS_DEPLOYMENT_TARGET = 8.0;
				LD_RUNPATH_SEARCH_PATHS = "$(inherited) @executable_path/Frameworks";
				PRODUCT_BUNDLE_IDENTIFIER = com.netease.EMall;
				PRODUCT_NAME = "$(TARGET_NAME)";
			};
			name = Release;
		};
		2A2427211D12C4670078240C /* Debug */ = {
			isa = XCBuildConfiguration;
			buildSettings = {
				BUNDLE_LOADER = "$(TEST_HOST)";
				INFOPLIST_FILE = EMallTests/Info.plist;
				LD_RUNPATH_SEARCH_PATHS = "$(inherited) @executable_path/Frameworks @loader_path/Frameworks";
				PRODUCT_BUNDLE_IDENTIFIER = com.netease.EMallTests;
				PRODUCT_NAME = "$(TARGET_NAME)";
				TEST_HOST = "$(BUILT_PRODUCTS_DIR)/EMall.app/EMall";
			};
			name = Debug;
		};
		2A2427221D12C4670078240C /* Release */ = {
			isa = XCBuildConfiguration;
			buildSettings = {
				BUNDLE_LOADER = "$(TEST_HOST)";
				INFOPLIST_FILE = EMallTests/Info.plist;
				LD_RUNPATH_SEARCH_PATHS = "$(inherited) @executable_path/Frameworks @loader_path/Frameworks";
				PRODUCT_BUNDLE_IDENTIFIER = com.netease.EMallTests;
				PRODUCT_NAME = "$(TARGET_NAME)";
				TEST_HOST = "$(BUILT_PRODUCTS_DIR)/EMall.app/EMall";
			};
			name = Release;
		};
		2A2427241D12C4670078240C /* Debug */ = {
			isa = XCBuildConfiguration;
			buildSettings = {
				INFOPLIST_FILE = EMallUITests/Info.plist;
				LD_RUNPATH_SEARCH_PATHS = "$(inherited) @executable_path/Frameworks @loader_path/Frameworks";
				PRODUCT_BUNDLE_IDENTIFIER = com.netease.EMallUITests;
				PRODUCT_NAME = "$(TARGET_NAME)";
				TEST_TARGET_NAME = EMall;
			};
			name = Debug;
		};
		2A2427251D12C4670078240C /* Release */ = {
			isa = XCBuildConfiguration;
			buildSettings = {
				INFOPLIST_FILE = EMallUITests/Info.plist;
				LD_RUNPATH_SEARCH_PATHS = "$(inherited) @executable_path/Frameworks @loader_path/Frameworks";
				PRODUCT_BUNDLE_IDENTIFIER = com.netease.EMallUITests;
				PRODUCT_NAME = "$(TARGET_NAME)";
				TEST_TARGET_NAME = EMall;
			};
			name = Release;
		};
/* End XCBuildConfiguration section */

/* Begin XCConfigurationList section */
		2A2426EB1D12C4670078240C /* Build configuration list for PBXProject "EMall" */ = {
			isa = XCConfigurationList;
			buildConfigurations = (
				2A24271B1D12C4670078240C /* Debug */,
				2A24271C1D12C4670078240C /* Release */,
			);
			defaultConfigurationIsVisible = 0;
			defaultConfigurationName = Release;
		};
		2A24271D1D12C4670078240C /* Build configuration list for PBXNativeTarget "EMall" */ = {
			isa = XCConfigurationList;
			buildConfigurations = (
				2A24271E1D12C4670078240C /* Debug */,
				2A24271F1D12C4670078240C /* Release */,
			);
			defaultConfigurationIsVisible = 0;
			defaultConfigurationName = Release;
		};
		2A2427201D12C4670078240C /* Build configuration list for PBXNativeTarget "EMallTests" */ = {
			isa = XCConfigurationList;
			buildConfigurations = (
				2A2427211D12C4670078240C /* Debug */,
				2A2427221D12C4670078240C /* Release */,
			);
			defaultConfigurationIsVisible = 0;
			defaultConfigurationName = Release;
		};
		2A2427231D12C4670078240C /* Build configuration list for PBXNativeTarget "EMallUITests" */ = {
			isa = XCConfigurationList;
			buildConfigurations = (
				2A2427241D12C4670078240C /* Debug */,
				2A2427251D12C4670078240C /* Release */,
			);
			defaultConfigurationIsVisible = 0;
			defaultConfigurationName = Release;
		};
/* End XCConfigurationList section */
	};
	rootObject = 2A2426E81D12C4670078240C /* Project object */;
}
